PODS:
  - AEXML (4.2.2)
  - sqlite3 (3.23.1):
    - sqlite3/common (= 3.23.1)
  - sqlite3/common (3.23.1)
  - SQLiteManager (0.2.7):
    - sqlite3

DEPENDENCIES:
  - AEXML (~> 4.2.2)
  - SQLiteManager

SPEC REPOS:
  https://github.com/CocoaPods/Specs.git:
    - AEXML
    - sqlite3
    - SQLiteManager

SPEC CHECKSUMS:
  AEXML: 5ebafc1b75e0bcf0f1b09b8ca8fed2d5a199479b
  sqlite3: 2b886f1be62fce4f211ea7df03a72a3b6932a78b
  SQLiteManager: 61f056e42457db34a2550c1cee65b7fdf3118b55

PODFILE CHECKSUM: 545b244bceb13c3702fd30bf8a5966cc8c83200c

COCOAPODS: 1.5.0
