// !$*UTF8*$!
{
	archiveVersion = 1;
	classes = {
	};
	objectVersion = 46;
	objects = {

/* Begin PBXBuildFile section */
		4794EF7904E3AE478EC481F6 /* Pods_MushBerHer.framework in Frameworks */ = {isa = PBXBuildFile; fileRef = 67CEF51406112A1CFE5E4276 /* Pods_MushBerHer.framework */; };
		7C10710E1ED388D700DE8F98 /* AppDelegate.swift in Sources */ = {isa = PBXBuildFile; fileRef = 7C10710D1ED388D700DE8F98 /* AppDelegate.swift */; };
		7C1071131ED388D700DE8F98 /* Main.storyboard in Resources */ = {isa = PBXBuildFile; fileRef = 7C1071111ED388D700DE8F98 /* Main.storyboard */; };
		7C1071151ED388D700DE8F98 /* Assets.xcassets in Resources */ = {isa = PBXBuildFile; fileRef = 7C1071141ED388D700DE8F98 /* Assets.xcassets */; };
		7C1071181ED388D700DE8F98 /* LaunchScreen.storyboard in Resources */ = {isa = PBXBuildFile; fileRef = 7C1071161ED388D700DE8F98 /* LaunchScreen.storyboard */; };
		7C1386E41FBE4A25002DA89B /* TextFormatter.swift in Sources */ = {isa = PBXBuildFile; fileRef = 7C1386E31FBE4A25002DA89B /* TextFormatter.swift */; };
		7C1AC72C1F6B2C9F003BBE57 /* MushroomDetailsVC.swift in Sources */ = {isa = PBXBuildFile; fileRef = 7C1AC72B1F6B2C9F003BBE57 /* MushroomDetailsVC.swift */; };
		7C3E2D8F20827A230073C470 /* InfoVC.swift in Sources */ = {isa = PBXBuildFile; fileRef = 7C3E2D8E20827A230073C470 /* InfoVC.swift */; };
		7C3E2D9120827B7C0073C470 /* InfoTableViewCell.swift in Sources */ = {isa = PBXBuildFile; fileRef = 7C3E2D9020827B7C0073C470 /* InfoTableViewCell.swift */; };
		7C4186EA1F7AFF4700BA37F8 /* ItemImage.swift in Sources */ = {isa = PBXBuildFile; fileRef = 7C4186E91F7AFF4700BA37F8 /* ItemImage.swift */; };
		7C620DEC2044A48B00D80EB1 /* MushBerHer.sqlite in Resources */ = {isa = PBXBuildFile; fileRef = 7C620DEB2044A48B00D80EB1 /* MushBerHer.sqlite */; };
		7C66072C1FEC5F9A00BEE037 /* MBHItemHarvest.swift in Sources */ = {isa = PBXBuildFile; fileRef = 7C66072B1FEC5F9A00BEE037 /* MBHItemHarvest.swift */; };
		7C702035203241C7009E3B94 /* MapVC.swift in Sources */ = {isa = PBXBuildFile; fileRef = 7C702034203241C7009E3B94 /* MapVC.swift */; };
		7C7AE096206ABA6700827F73 /* FilterMenuView.swift in Sources */ = {isa = PBXBuildFile; fileRef = 7C7AE095206ABA6700827F73 /* FilterMenuView.swift */; };
		7C86719920837DBF00A20147 /* InfoDetailsVC.swift in Sources */ = {isa = PBXBuildFile; fileRef = 7C86719820837DBF00A20147 /* InfoDetailsVC.swift */; };
		7C8C96DE1EDAFABC00C403D0 /* memo.xml in Resources */ = {isa = PBXBuildFile; fileRef = 7C8C96D91EDAFABC00C403D0 /* memo.xml */; };
		7C8C96DF1EDAFABC00C403D0 /* type_1.xml in Resources */ = {isa = PBXBuildFile; fileRef = 7C8C96DA1EDAFABC00C403D0 /* type_1.xml */; };
		7C8C96E01EDAFABC00C403D0 /* type_2.xml in Resources */ = {isa = PBXBuildFile; fileRef = 7C8C96DB1EDAFABC00C403D0 /* type_2.xml */; };
		7C8C96E11EDAFABC00C403D0 /* type_filter.xml in Resources */ = {isa = PBXBuildFile; fileRef = 7C8C96DC1EDAFABC00C403D0 /* type_filter.xml */; };
		7C8C96E21EDAFABC00C403D0 /* type_parameter.xml in Resources */ = {isa = PBXBuildFile; fileRef = 7C8C96DD1EDAFABC00C403D0 /* type_parameter.xml */; };
		7C8C96E41EDAFB4E00C403D0 /* type_3.xml in Resources */ = {isa = PBXBuildFile; fileRef = 7C8C96E31EDAFB4E00C403D0 /* type_3.xml */; };
		7C8C96EA1EDB036B00C403D0 /* MBHDB.swift in Sources */ = {isa = PBXBuildFile; fileRef = 7C8C96E91EDB036B00C403D0 /* MBHDB.swift */; };
		7C8C96EC1EDB063D00C403D0 /* MBHItem.swift in Sources */ = {isa = PBXBuildFile; fileRef = 7C8C96EB1EDB063D00C403D0 /* MBHItem.swift */; };
		7C90B3D21F31214C00575DC1 /* MainMenuVC.swift in Sources */ = {isa = PBXBuildFile; fileRef = 7C90B3D11F31214C00575DC1 /* MainMenuVC.swift */; };
		7C90B3D41F38F4C800575DC1 /* MushroomsVC.swift in Sources */ = {isa = PBXBuildFile; fileRef = 7C90B3D31F38F4C800575DC1 /* MushroomsVC.swift */; };
		7C90B3D61F38FA4600575DC1 /* MushroomsTableViewCell.swift in Sources */ = {isa = PBXBuildFile; fileRef = 7C90B3D51F38FA4600575DC1 /* MushroomsTableViewCell.swift */; };
		7C90B3DA1F44E4AC00575DC1 /* BerriesVC.swift in Sources */ = {isa = PBXBuildFile; fileRef = 7C90B3D91F44E4AC00575DC1 /* BerriesVC.swift */; };
		7C90B3DC1F44EBE400575DC1 /* BerriesTableViewCell.swift in Sources */ = {isa = PBXBuildFile; fileRef = 7C90B3DB1F44EBE400575DC1 /* BerriesTableViewCell.swift */; };
		7C90B3E01F46339B00575DC1 /* HerbsVC.swift in Sources */ = {isa = PBXBuildFile; fileRef = 7C90B3DF1F46339B00575DC1 /* HerbsVC.swift */; };
		7C90B3E21F46360200575DC1 /* HerbsTableViewCell.swift in Sources */ = {isa = PBXBuildFile; fileRef = 7C90B3E11F46360200575DC1 /* HerbsTableViewCell.swift */; };
		7CAB35861FC344BE00180C27 /* BerriesDetailsVC.swift in Sources */ = {isa = PBXBuildFile; fileRef = 7CAB35851FC344BE00180C27 /* BerriesDetailsVC.swift */; };
		7CAB35881FC34CC200180C27 /* HerbsDetailsVC.swift in Sources */ = {isa = PBXBuildFile; fileRef = 7CAB35871FC34CC200180C27 /* HerbsDetailsVC.swift */; };
		7CD43B442080995A00B48230 /* MBHInfoItem.swift in Sources */ = {isa = PBXBuildFile; fileRef = 7CD43B432080995A00B48230 /* MBHInfoItem.swift */; };
		7CDEDA271FCF209D00D1B965 /* StartVC.swift in Sources */ = {isa = PBXBuildFile; fileRef = 7CDEDA261FCF209D00D1B965 /* StartVC.swift */; };
		7CF588D21EF9C8130072DC72 /* MainMenuButton.swift in Sources */ = {isa = PBXBuildFile; fileRef = 7CF588D11EF9C8130072DC72 /* MainMenuButton.swift */; };
/* End PBXBuildFile section */

/* Begin PBXFileReference section */
		29A994C81C6737AD14F05E65 /* Pods-MushBerHer.debug.xcconfig */ = {isa = PBXFileReference; includeInIndex = 1; lastKnownFileType = text.xcconfig; name = "Pods-MushBerHer.debug.xcconfig"; path = "Pods/Target Support Files/Pods-MushBerHer/Pods-MushBerHer.debug.xcconfig"; sourceTree = "<group>"; };
		4EBDBA1DC241C78FB646D1A9 /* Pods-MushBerHer.release.xcconfig */ = {isa = PBXFileReference; includeInIndex = 1; lastKnownFileType = text.xcconfig; name = "Pods-MushBerHer.release.xcconfig"; path = "Pods/Target Support Files/Pods-MushBerHer/Pods-MushBerHer.release.xcconfig"; sourceTree = "<group>"; };
		67CEF51406112A1CFE5E4276 /* Pods_MushBerHer.framework */ = {isa = PBXFileReference; explicitFileType = wrapper.framework; includeInIndex = 0; path = Pods_MushBerHer.framework; sourceTree = BUILT_PRODUCTS_DIR; };
		7C10710A1ED388D700DE8F98 /* MushBerHer.app */ = {isa = PBXFileReference; explicitFileType = wrapper.application; includeInIndex = 0; path = MushBerHer.app; sourceTree = BUILT_PRODUCTS_DIR; };
		7C10710D1ED388D700DE8F98 /* AppDelegate.swift */ = {isa = PBXFileReference; lastKnownFileType = sourcecode.swift; path = AppDelegate.swift; sourceTree = "<group>"; };
		7C1071121ED388D700DE8F98 /* Base */ = {isa = PBXFileReference; lastKnownFileType = file.storyboard; name = Base; path = Base.lproj/Main.storyboard; sourceTree = "<group>"; };
		7C1071141ED388D700DE8F98 /* Assets.xcassets */ = {isa = PBXFileReference; lastKnownFileType = folder.assetcatalog; path = Assets.xcassets; sourceTree = "<group>"; };
		7C1071171ED388D700DE8F98 /* Base */ = {isa = PBXFileReference; lastKnownFileType = file.storyboard; name = Base; path = Base.lproj/LaunchScreen.storyboard; sourceTree = "<group>"; };
		7C1071191ED388D700DE8F98 /* Info.plist */ = {isa = PBXFileReference; lastKnownFileType = text.plist.xml; path = Info.plist; sourceTree = "<group>"; };
		7C1386E31FBE4A25002DA89B /* TextFormatter.swift */ = {isa = PBXFileReference; lastKnownFileType = sourcecode.swift; path = TextFormatter.swift; sourceTree = "<group>"; };
		7C1AC72B1F6B2C9F003BBE57 /* MushroomDetailsVC.swift */ = {isa = PBXFileReference; fileEncoding = 4; lastKnownFileType = sourcecode.swift; path = MushroomDetailsVC.swift; sourceTree = "<group>"; };
		7C3E2D8E20827A230073C470 /* InfoVC.swift */ = {isa = PBXFileReference; lastKnownFileType = sourcecode.swift; path = InfoVC.swift; sourceTree = "<group>"; };
		7C3E2D9020827B7C0073C470 /* InfoTableViewCell.swift */ = {isa = PBXFileReference; lastKnownFileType = sourcecode.swift; path = InfoTableViewCell.swift; sourceTree = "<group>"; };
		7C4186E91F7AFF4700BA37F8 /* ItemImage.swift */ = {isa = PBXFileReference; fileEncoding = 4; lastKnownFileType = sourcecode.swift; path = ItemImage.swift; sourceTree = "<group>"; };
		7C620DEB2044A48B00D80EB1 /* MushBerHer.sqlite */ = {isa = PBXFileReference; lastKnownFileType = file; path = MushBerHer.sqlite; sourceTree = "<group>"; };
		7C66072B1FEC5F9A00BEE037 /* MBHItemHarvest.swift */ = {isa = PBXFileReference; lastKnownFileType = sourcecode.swift; path = MBHItemHarvest.swift; sourceTree = "<group>"; };
		7C702034203241C7009E3B94 /* MapVC.swift */ = {isa = PBXFileReference; lastKnownFileType = sourcecode.swift; path = MapVC.swift; sourceTree = "<group>"; };
		7C7AE095206ABA6700827F73 /* FilterMenuView.swift */ = {isa = PBXFileReference; lastKnownFileType = sourcecode.swift; path = FilterMenuView.swift; sourceTree = "<group>"; };
		7C86719820837DBF00A20147 /* InfoDetailsVC.swift */ = {isa = PBXFileReference; lastKnownFileType = sourcecode.swift; path = InfoDetailsVC.swift; sourceTree = "<group>"; };
		7C8C96D91EDAFABC00C403D0 /* memo.xml */ = {isa = PBXFileReference; fileEncoding = 4; lastKnownFileType = text.xml; path = memo.xml; sourceTree = "<group>"; };
		7C8C96DA1EDAFABC00C403D0 /* type_1.xml */ = {isa = PBXFileReference; fileEncoding = 4; lastKnownFileType = text.xml; path = type_1.xml; sourceTree = "<group>"; };
		7C8C96DB1EDAFABC00C403D0 /* type_2.xml */ = {isa = PBXFileReference; fileEncoding = 4; lastKnownFileType = text.xml; path = type_2.xml; sourceTree = "<group>"; };
		7C8C96DC1EDAFABC00C403D0 /* type_filter.xml */ = {isa = PBXFileReference; fileEncoding = 4; lastKnownFileType = text.xml; path = type_filter.xml; sourceTree = "<group>"; };
		7C8C96DD1EDAFABC00C403D0 /* type_parameter.xml */ = {isa = PBXFileReference; fileEncoding = 4; lastKnownFileType = text.xml; path = type_parameter.xml; sourceTree = "<group>"; };
		7C8C96E31EDAFB4E00C403D0 /* type_3.xml */ = {isa = PBXFileReference; fileEncoding = 4; lastKnownFileType = text.xml; path = type_3.xml; sourceTree = "<group>"; };
		7C8C96E91EDB036B00C403D0 /* MBHDB.swift */ = {isa = PBXFileReference; fileEncoding = 4; lastKnownFileType = sourcecode.swift; path = MBHDB.swift; sourceTree = "<group>"; };
		7C8C96EB1EDB063D00C403D0 /* MBHItem.swift */ = {isa = PBXFileReference; fileEncoding = 4; lastKnownFileType = sourcecode.swift; path = MBHItem.swift; sourceTree = "<group>"; };
		7C90B3D11F31214C00575DC1 /* MainMenuVC.swift */ = {isa = PBXFileReference; fileEncoding = 4; lastKnownFileType = sourcecode.swift; path = MainMenuVC.swift; sourceTree = "<group>"; };
		7C90B3D31F38F4C800575DC1 /* MushroomsVC.swift */ = {isa = PBXFileReference; fileEncoding = 4; lastKnownFileType = sourcecode.swift; path = MushroomsVC.swift; sourceTree = "<group>"; };
		7C90B3D51F38FA4600575DC1 /* MushroomsTableViewCell.swift */ = {isa = PBXFileReference; fileEncoding = 4; lastKnownFileType = sourcecode.swift; path = MushroomsTableViewCell.swift; sourceTree = "<group>"; };
		7C90B3D91F44E4AC00575DC1 /* BerriesVC.swift */ = {isa = PBXFileReference; fileEncoding = 4; lastKnownFileType = sourcecode.swift; path = BerriesVC.swift; sourceTree = "<group>"; };
		7C90B3DB1F44EBE400575DC1 /* BerriesTableViewCell.swift */ = {isa = PBXFileReference; fileEncoding = 4; lastKnownFileType = sourcecode.swift; path = BerriesTableViewCell.swift; sourceTree = "<group>"; };
		7C90B3DF1F46339B00575DC1 /* HerbsVC.swift */ = {isa = PBXFileReference; fileEncoding = 4; lastKnownFileType = sourcecode.swift; path = HerbsVC.swift; sourceTree = "<group>"; };
		7C90B3E11F46360200575DC1 /* HerbsTableViewCell.swift */ = {isa = PBXFileReference; fileEncoding = 4; lastKnownFileType = sourcecode.swift; path = HerbsTableViewCell.swift; sourceTree = "<group>"; };
		7CAB35851FC344BE00180C27 /* BerriesDetailsVC.swift */ = {isa = PBXFileReference; lastKnownFileType = sourcecode.swift; path = BerriesDetailsVC.swift; sourceTree = "<group>"; };
		7CAB35871FC34CC200180C27 /* HerbsDetailsVC.swift */ = {isa = PBXFileReference; lastKnownFileType = sourcecode.swift; path = HerbsDetailsVC.swift; sourceTree = "<group>"; };
		7CD43B432080995A00B48230 /* MBHInfoItem.swift */ = {isa = PBXFileReference; lastKnownFileType = sourcecode.swift; path = MBHInfoItem.swift; sourceTree = "<group>"; };
		7CDEDA261FCF209D00D1B965 /* StartVC.swift */ = {isa = PBXFileReference; lastKnownFileType = sourcecode.swift; path = StartVC.swift; sourceTree = "<group>"; };
		7CF588D11EF9C8130072DC72 /* MainMenuButton.swift */ = {isa = PBXFileReference; fileEncoding = 4; lastKnownFileType = sourcecode.swift; path = MainMenuButton.swift; sourceTree = "<group>"; };
/* End PBXFileReference section */

/* Begin PBXFrameworksBuildPhase section */
		7C1071071ED388D600DE8F98 /* Frameworks */ = {
			isa = PBXFrameworksBuildPhase;
			buildActionMask = 2147483647;
			files = (
				4794EF7904E3AE478EC481F6 /* Pods_MushBerHer.framework in Frameworks */,
			);
			runOnlyForDeploymentPostprocessing = 0;
		};
/* End PBXFrameworksBuildPhase section */

/* Begin PBXGroup section */
		1D8F514F53807C87F584EE0F /* Frameworks */ = {
			isa = PBXGroup;
			children = (
				67CEF51406112A1CFE5E4276 /* Pods_MushBerHer.framework */,
			);
			name = Frameworks;
			sourceTree = "<group>";
		};
		74A06F8D4941B7E6C7FB42C3 /* Pods */ = {
			isa = PBXGroup;
			children = (
				29A994C81C6737AD14F05E65 /* Pods-MushBerHer.debug.xcconfig */,
				4EBDBA1DC241C78FB646D1A9 /* Pods-MushBerHer.release.xcconfig */,
			);
			name = Pods;
			sourceTree = "<group>";
		};
		7C1071011ED388D600DE8F98 = {
			isa = PBXGroup;
			children = (
				7C10710C1ED388D700DE8F98 /* MushBerHer */,
				7C10710B1ED388D700DE8F98 /* Products */,
				74A06F8D4941B7E6C7FB42C3 /* Pods */,
				1D8F514F53807C87F584EE0F /* Frameworks */,
			);
			sourceTree = "<group>";
		};
		7C10710B1ED388D700DE8F98 /* Products */ = {
			isa = PBXGroup;
			children = (
				7C10710A1ED388D700DE8F98 /* MushBerHer.app */,
			);
			name = Products;
			sourceTree = "<group>";
		};
		7C10710C1ED388D700DE8F98 /* MushBerHer */ = {
			isa = PBXGroup;
			children = (
				7C8C96D61EDAFA3400C403D0 /* Resources.bundle */,
				7C10710D1ED388D700DE8F98 /* AppDelegate.swift */,
				7C8C96EB1EDB063D00C403D0 /* MBHItem.swift */,
				7C66072B1FEC5F9A00BEE037 /* MBHItemHarvest.swift */,
				7CD43B432080995A00B48230 /* MBHInfoItem.swift */,
				7C8C96E91EDB036B00C403D0 /* MBHDB.swift */,
				7C1386E31FBE4A25002DA89B /* TextFormatter.swift */,
				7C4186E91F7AFF4700BA37F8 /* ItemImage.swift */,
				7C7AE095206ABA6700827F73 /* FilterMenuView.swift */,
				7CDEDA261FCF209D00D1B965 /* StartVC.swift */,
				7C90B3D11F31214C00575DC1 /* MainMenuVC.swift */,
				7C90B3D31F38F4C800575DC1 /* MushroomsVC.swift */,
				7C90B3D91F44E4AC00575DC1 /* BerriesVC.swift */,
				7C90B3DF1F46339B00575DC1 /* HerbsVC.swift */,
				7C702034203241C7009E3B94 /* MapVC.swift */,
				7C3E2D8E20827A230073C470 /* InfoVC.swift */,
				7C1AC72B1F6B2C9F003BBE57 /* MushroomDetailsVC.swift */,
				7CAB35851FC344BE00180C27 /* BerriesDetailsVC.swift */,
				7CAB35871FC34CC200180C27 /* HerbsDetailsVC.swift */,
				7C86719820837DBF00A20147 /* InfoDetailsVC.swift */,
				7C90B3D51F38FA4600575DC1 /* MushroomsTableViewCell.swift */,
				7C90B3DB1F44EBE400575DC1 /* BerriesTableViewCell.swift */,
				7C90B3E11F46360200575DC1 /* HerbsTableViewCell.swift */,
				7C3E2D9020827B7C0073C470 /* InfoTableViewCell.swift */,
				7CF588D11EF9C8130072DC72 /* MainMenuButton.swift */,
				7C1071111ED388D700DE8F98 /* Main.storyboard */,
				7C1071141ED388D700DE8F98 /* Assets.xcassets */,
				7C1071161ED388D700DE8F98 /* LaunchScreen.storyboard */,
				7C1071191ED388D700DE8F98 /* Info.plist */,
			);
			path = MushBerHer;
			sourceTree = "<group>";
		};
		7C8C96D61EDAFA3400C403D0 /* Resources.bundle */ = {
			isa = PBXGroup;
			children = (
				7C8C96DA1EDAFABC00C403D0 /* type_1.xml */,
				7C8C96DB1EDAFABC00C403D0 /* type_2.xml */,
				7C8C96E31EDAFB4E00C403D0 /* type_3.xml */,
				7C8C96D91EDAFABC00C403D0 /* memo.xml */,
				7C8C96DC1EDAFABC00C403D0 /* type_filter.xml */,
				7C8C96DD1EDAFABC00C403D0 /* type_parameter.xml */,
				7C620DEB2044A48B00D80EB1 /* MushBerHer.sqlite */,
			);
			name = Resources.bundle;
			sourceTree = "<group>";
		};
/* End PBXGroup section */

/* Begin PBXNativeTarget section */
		7C1071091ED388D600DE8F98 /* MushBerHer */ = {
			isa = PBXNativeTarget;
			buildConfigurationList = 7C10711C1ED388D700DE8F98 /* Build configuration list for PBXNativeTarget "MushBerHer" */;
			buildPhases = (
				E9B6470C8CCE9B93C47D72F7 /* [CP] Check Pods Manifest.lock */,
				7C1071061ED388D600DE8F98 /* Sources */,
				7C1071071ED388D600DE8F98 /* Frameworks */,
				7C1071081ED388D600DE8F98 /* Resources */,
				0856069FFB7430605C02C245 /* [CP] Embed Pods Frameworks */,
			);
			buildRules = (
			);
			dependencies = (
			);
			name = MushBerHer;
			productName = MushBerHer;
			productReference = 7C10710A1ED388D700DE8F98 /* MushBerHer.app */;
			productType = "com.apple.product-type.application";
		};
/* End PBXNativeTarget section */

/* Begin PBXProject section */
		7C1071021ED388D600DE8F98 /* Project object */ = {
			isa = PBXProject;
			attributes = {
				LastSwiftUpdateCheck = 0820;
				LastUpgradeCheck = 0900;
				ORGANIZATIONNAME = telega;
				TargetAttributes = {
					7C1071091ED388D600DE8F98 = {
						CreatedOnToolsVersion = 8.2.1;
						DevelopmentTeam = 75GX2CG9NV;
						ProvisioningStyle = Automatic;
					};
				};
			};
			buildConfigurationList = 7C1071051ED388D600DE8F98 /* Build configuration list for PBXProject "MushBerHer" */;
			compatibilityVersion = "Xcode 3.2";
			developmentRegion = English;
			hasScannedForEncodings = 0;
			knownRegions = (
				en,
				Base,
			);
			mainGroup = 7C1071011ED388D600DE8F98;
			productRefGroup = 7C10710B1ED388D700DE8F98 /* Products */;
			projectDirPath = "";
			projectRoot = "";
			targets = (
				7C1071091ED388D600DE8F98 /* MushBerHer */,
			);
		};
/* End PBXProject section */

/* Begin PBXResourcesBuildPhase section */
		7C1071081ED388D600DE8F98 /* Resources */ = {
			isa = PBXResourcesBuildPhase;
			buildActionMask = 2147483647;
			files = (
				7C620DEC2044A48B00D80EB1 /* MushBerHer.sqlite in Resources */,
				7C1071181ED388D700DE8F98 /* LaunchScreen.storyboard in Resources */,
				7C8C96E41EDAFB4E00C403D0 /* type_3.xml in Resources */,
				7C8C96DF1EDAFABC00C403D0 /* type_1.xml in Resources */,
				7C8C96DE1EDAFABC00C403D0 /* memo.xml in Resources */,
				7C1071151ED388D700DE8F98 /* Assets.xcassets in Resources */,
				7C8C96E11EDAFABC00C403D0 /* type_filter.xml in Resources */,
				7C1071131ED388D700DE8F98 /* Main.storyboard in Resources */,
				7C8C96E01EDAFABC00C403D0 /* type_2.xml in Resources */,
				7C8C96E21EDAFABC00C403D0 /* type_parameter.xml in Resources */,
			);
			runOnlyForDeploymentPostprocessing = 0;
		};
/* End PBXResourcesBuildPhase section */

/* Begin PBXShellScriptBuildPhase section */
		0856069FFB7430605C02C245 /* [CP] Embed Pods Frameworks */ = {
			isa = PBXShellScriptBuildPhase;
			buildActionMask = 2147483647;
			files = (
			);
			inputPaths = (
				"${SRCROOT}/Pods/Target Support Files/Pods-MushBerHer/Pods-MushBerHer-frameworks.sh",
				"${BUILT_PRODUCTS_DIR}/AEXML/AEXML.framework",
				"${BUILT_PRODUCTS_DIR}/SQLiteManager/SQLiteManager.framework",
				"${BUILT_PRODUCTS_DIR}/sqlite3/sqlite3.framework",
			);
			name = "[CP] Embed Pods Frameworks";
			outputPaths = (
				"${TARGET_BUILD_DIR}/${FRAMEWORKS_FOLDER_PATH}/AEXML.framework",
				"${TARGET_BUILD_DIR}/${FRAMEWORKS_FOLDER_PATH}/SQLiteManager.framework",
				"${TARGET_BUILD_DIR}/${FRAMEWORKS_FOLDER_PATH}/sqlite3.framework",
			);
			runOnlyForDeploymentPostprocessing = 0;
			shellPath = /bin/sh;
			shellScript = "\"${SRCROOT}/Pods/Target Support Files/Pods-MushBerHer/Pods-MushBerHer-frameworks.sh\"\n";
			showEnvVarsInLog = 0;
		};
		E9B6470C8CCE9B93C47D72F7 /* [CP] Check Pods Manifest.lock */ = {
			isa = PBXShellScriptBuildPhase;
			buildActionMask = 2147483647;
			files = (
			);
			inputPaths = (
				"${PODS_PODFILE_DIR_PATH}/Podfile.lock",
				"${PODS_ROOT}/Manifest.lock",
			);
			name = "[CP] Check Pods Manifest.lock";
			outputPaths = (
				"$(DERIVED_FILE_DIR)/Pods-MushBerHer-checkManifestLockResult.txt",
			);
			runOnlyForDeploymentPostprocessing = 0;
			shellPath = /bin/sh;
			shellScript = "diff \"${PODS_PODFILE_DIR_PATH}/Podfile.lock\" \"${PODS_ROOT}/Manifest.lock\" > /dev/null\nif [ $? != 0 ] ; then\n    # print error to STDERR\n    echo \"error: The sandbox is not in sync with the Podfile.lock. Run 'pod install' or update your CocoaPods installation.\" >&2\n    exit 1\nfi\n# This output is used by Xcode 'outputs' to avoid re-running this script phase.\necho \"SUCCESS\" > \"${SCRIPT_OUTPUT_FILE_0}\"\n";
			showEnvVarsInLog = 0;
		};
/* End PBXShellScriptBuildPhase section */

/* Begin PBXSourcesBuildPhase section */
		7C1071061ED388D600DE8F98 /* Sources */ = {
			isa = PBXSourcesBuildPhase;
			buildActionMask = 2147483647;
			files = (
				7C1386E41FBE4A25002DA89B /* TextFormatter.swift in Sources */,
				7C86719920837DBF00A20147 /* InfoDetailsVC.swift in Sources */,
				7C7AE096206ABA6700827F73 /* FilterMenuView.swift in Sources */,
				7C3E2D9120827B7C0073C470 /* InfoTableViewCell.swift in Sources */,
				7C4186EA1F7AFF4700BA37F8 /* ItemImage.swift in Sources */,
				7C90B3D41F38F4C800575DC1 /* MushroomsVC.swift in Sources */,
				7C3E2D8F20827A230073C470 /* InfoVC.swift in Sources */,
				7CD43B442080995A00B48230 /* MBHInfoItem.swift in Sources */,
				7CDEDA271FCF209D00D1B965 /* StartVC.swift in Sources */,
				7C90B3E01F46339B00575DC1 /* HerbsVC.swift in Sources */,
				7C90B3E21F46360200575DC1 /* HerbsTableViewCell.swift in Sources */,
				7CF588D21EF9C8130072DC72 /* MainMenuButton.swift in Sources */,
				7C1AC72C1F6B2C9F003BBE57 /* MushroomDetailsVC.swift in Sources */,
				7C66072C1FEC5F9A00BEE037 /* MBHItemHarvest.swift in Sources */,
				7C90B3DA1F44E4AC00575DC1 /* BerriesVC.swift in Sources */,
				7C90B3DC1F44EBE400575DC1 /* BerriesTableViewCell.swift in Sources */,
				7C702035203241C7009E3B94 /* MapVC.swift in Sources */,
				7C90B3D21F31214C00575DC1 /* MainMenuVC.swift in Sources */,
				7C10710E1ED388D700DE8F98 /* AppDelegate.swift in Sources */,
				7CAB35861FC344BE00180C27 /* BerriesDetailsVC.swift in Sources */,
				7CAB35881FC34CC200180C27 /* HerbsDetailsVC.swift in Sources */,
				7C8C96EC1EDB063D00C403D0 /* MBHItem.swift in Sources */,
				7C8C96EA1EDB036B00C403D0 /* MBHDB.swift in Sources */,
				7C90B3D61F38FA4600575DC1 /* MushroomsTableViewCell.swift in Sources */,
			);
			runOnlyForDeploymentPostprocessing = 0;
		};
/* End PBXSourcesBuildPhase section */

/* Begin PBXVariantGroup section */
		7C1071111ED388D700DE8F98 /* Main.storyboard */ = {
			isa = PBXVariantGroup;
			children = (
				7C1071121ED388D700DE8F98 /* Base */,
			);
			name = Main.storyboard;
			sourceTree = "<group>";
		};
		7C1071161ED388D700DE8F98 /* LaunchScreen.storyboard */ = {
			isa = PBXVariantGroup;
			children = (
				7C1071171ED388D700DE8F98 /* Base */,
			);
			name = LaunchScreen.storyboard;
			sourceTree = "<group>";
		};
/* End PBXVariantGroup section */

/* Begin XCBuildConfiguration section */
		7C10711A1ED388D700DE8F98 /* Debug */ = {
			isa = XCBuildConfiguration;
			buildSettings = {
				ALWAYS_SEARCH_USER_PATHS = NO;
				CLANG_ANALYZER_NONNULL = YES;
				CLANG_CXX_LANGUAGE_STANDARD = "gnu++0x";
				CLANG_CXX_LIBRARY = "libc++";
				CLANG_ENABLE_MODULES = YES;
				CLANG_ENABLE_OBJC_ARC = YES;
				CLANG_WARN_BLOCK_CAPTURE_AUTORELEASING = YES;
				CLANG_WARN_BOOL_CONVERSION = YES;
				CLANG_WARN_COMMA = YES;
				CLANG_WARN_CONSTANT_CONVERSION = YES;
				CLANG_WARN_DIRECT_OBJC_ISA_USAGE = YES_ERROR;
				CLANG_WARN_DOCUMENTATION_COMMENTS = YES;
				CLANG_WARN_EMPTY_BODY = YES;
				CLANG_WARN_ENUM_CONVERSION = YES;
				CLANG_WARN_INFINITE_RECURSION = YES;
				CLANG_WARN_INT_CONVERSION = YES;
				CLANG_WARN_NON_LITERAL_NULL_CONVERSION = YES;
				CLANG_WARN_OBJC_LITERAL_CONVERSION = YES;
				CLANG_WARN_OBJC_ROOT_CLASS = YES_ERROR;
				CLANG_WARN_RANGE_LOOP_ANALYSIS = YES;
				CLANG_WARN_STRICT_PROTOTYPES = YES;
				CLANG_WARN_SUSPICIOUS_MOVE = YES;
				CLANG_WARN_UNREACHABLE_CODE = YES;
				CLANG_WARN__DUPLICATE_METHOD_MATCH = YES;
				"CODE_SIGN_IDENTITY[sdk=iphoneos*]" = "iPhone Developer";
				COPY_PHASE_STRIP = NO;
				DEBUG_INFORMATION_FORMAT = dwarf;
				ENABLE_STRICT_OBJC_MSGSEND = YES;
				ENABLE_TESTABILITY = YES;
				GCC_C_LANGUAGE_STANDARD = gnu99;
				GCC_DYNAMIC_NO_PIC = NO;
				GCC_NO_COMMON_BLOCKS = YES;
				GCC_OPTIMIZATION_LEVEL = 0;
				GCC_PREPROCESSOR_DEFINITIONS = (
					"DEBUG=1",
					"$(inherited)",
				);
				GCC_WARN_64_TO_32_BIT_CONVERSION = YES;
				GCC_WARN_ABOUT_RETURN_TYPE = YES_ERROR;
				GCC_WARN_UNDECLARED_SELECTOR = YES;
				GCC_WARN_UNINITIALIZED_AUTOS = YES_AGGRESSIVE;
				GCC_WARN_UNUSED_FUNCTION = YES;
				GCC_WARN_UNUSED_VARIABLE = YES;
				IPHONEOS_DEPLOYMENT_TARGET = 10.2;
				MTL_ENABLE_DEBUG_INFO = YES;
				ONLY_ACTIVE_ARCH = YES;
				SDKROOT = iphoneos;
				SWIFT_ACTIVE_COMPILATION_CONDITIONS = DEBUG;
				SWIFT_OPTIMIZATION_LEVEL = "-Onone";
				TARGETED_DEVICE_FAMILY = "1,2";
			};
			name = Debug;
		};
		7C10711B1ED388D700DE8F98 /* Release */ = {
			isa = XCBuildConfiguration;
			buildSettings = {
				ALWAYS_SEARCH_USER_PATHS = NO;
				CLANG_ANALYZER_NONNULL = YES;
				CLANG_CXX_LANGUAGE_STANDARD = "gnu++0x";
				CLANG_CXX_LIBRARY = "libc++";
				CLANG_ENABLE_MODULES = YES;
				CLANG_ENABLE_OBJC_ARC = YES;
				CLANG_WARN_BLOCK_CAPTURE_AUTORELEASING = YES;
				CLANG_WARN_BOOL_CONVERSION = YES;
				CLANG_WARN_COMMA = YES;
				CLANG_WARN_CONSTANT_CONVERSION = YES;
				CLANG_WARN_DIRECT_OBJC_ISA_USAGE = YES_ERROR;
				CLANG_WARN_DOCUMENTATION_COMMENTS = YES;
				CLANG_WARN_EMPTY_BODY = YES;
				CLANG_WARN_ENUM_CONVERSION = YES;
				CLANG_WARN_INFINITE_RECURSION = YES;
				CLANG_WARN_INT_CONVERSION = YES;
				CLANG_WARN_NON_LITERAL_NULL_CONVERSION = YES;
				CLANG_WARN_OBJC_LITERAL_CONVERSION = YES;
				CLANG_WARN_OBJC_ROOT_CLASS = YES_ERROR;
				CLANG_WARN_RANGE_LOOP_ANALYSIS = YES;
				CLANG_WARN_STRICT_PROTOTYPES = YES;
				CLANG_WARN_SUSPICIOUS_MOVE = YES;
				CLANG_WARN_UNREACHABLE_CODE = YES;
				CLANG_WARN__DUPLICATE_METHOD_MATCH = YES;
				"CODE_SIGN_IDENTITY[sdk=iphoneos*]" = "iPhone Developer";
				COPY_PHASE_STRIP = NO;
				DEBUG_INFORMATION_FORMAT = "dwarf-with-dsym";
				ENABLE_NS_ASSERTIONS = NO;
				ENABLE_STRICT_OBJC_MSGSEND = YES;
				GCC_C_LANGUAGE_STANDARD = gnu99;
				GCC_NO_COMMON_BLOCKS = YES;
				GCC_WARN_64_TO_32_BIT_CONVERSION = YES;
				GCC_WARN_ABOUT_RETURN_TYPE = YES_ERROR;
				GCC_WARN_UNDECLARED_SELECTOR = YES;
				GCC_WARN_UNINITIALIZED_AUTOS = YES_AGGRESSIVE;
				GCC_WARN_UNUSED_FUNCTION = YES;
				GCC_WARN_UNUSED_VARIABLE = YES;
				IPHONEOS_DEPLOYMENT_TARGET = 10.2;
				MTL_ENABLE_DEBUG_INFO = NO;
				SDKROOT = iphoneos;
				SWIFT_OPTIMIZATION_LEVEL = "-Owholemodule";
				TARGETED_DEVICE_FAMILY = "1,2";
				VALIDATE_PRODUCT = YES;
			};
			name = Release;
		};
		7C10711D1ED388D700DE8F98 /* Debug */ = {
			isa = XCBuildConfiguration;
			baseConfigurationReference = 29A994C81C6737AD14F05E65 /* Pods-MushBerHer.debug.xcconfig */;
			buildSettings = {
				ALWAYS_EMBED_SWIFT_STANDARD_LIBRARIES = YES;
				ASSETCATALOG_COMPILER_APPICON_NAME = AppIcon;
				DEVELOPMENT_TEAM = 75GX2CG9NV;
				INFOPLIST_FILE = MushBerHer/Info.plist;
				LD_RUNPATH_SEARCH_PATHS = "$(inherited) @executable_path/Frameworks";
				PRODUCT_BUNDLE_IDENTIFIER = com.telega.MushBerHer;
				PRODUCT_NAME = "$(TARGET_NAME)";
				SWIFT_VERSION = 3.0;
			};
			name = Debug;
		};
		7C10711E1ED388D700DE8F98 /* Release */ = {
			isa = XCBuildConfiguration;
			baseConfigurationReference = 4EBDBA1DC241C78FB646D1A9 /* Pods-MushBerHer.release.xcconfig */;
			buildSettings = {
				ALWAYS_EMBED_SWIFT_STANDARD_LIBRARIES = YES;
				ASSETCATALOG_COMPILER_APPICON_NAME = AppIcon;
				DEVELOPMENT_TEAM = 75GX2CG9NV;
				INFOPLIST_FILE = MushBerHer/Info.plist;
				LD_RUNPATH_SEARCH_PATHS = "$(inherited) @executable_path/Frameworks";
				PRODUCT_BUNDLE_IDENTIFIER = com.telega.MushBerHer;
				PRODUCT_NAME = "$(TARGET_NAME)";
				SWIFT_VERSION = 3.0;
			};
			name = Release;
		};
/* End XCBuildConfiguration section */

/* Begin XCConfigurationList section */
		7C1071051ED388D600DE8F98 /* Build configuration list for PBXProject "MushBerHer" */ = {
			isa = XCConfigurationList;
			buildConfigurations = (
				7C10711A1ED388D700DE8F98 /* Debug */,
				7C10711B1ED388D700DE8F98 /* Release */,
			);
			defaultConfigurationIsVisible = 0;
			defaultConfigurationName = Release;
		};
		7C10711C1ED388D700DE8F98 /* Build configuration list for PBXNativeTarget "MushBerHer" */ = {
			isa = XCConfigurationList;
			buildConfigurations = (
				7C10711D1ED388D700DE8F98 /* Debug */,
				7C10711E1ED388D700DE8F98 /* Release */,
			);
			defaultConfigurationIsVisible = 0;
			defaultConfigurationName = Release;
		};
/* End XCConfigurationList section */
	};
	rootObject = 7C1071021ED388D600DE8F98 /* Project object */;
}
